
Microsoft Visual Studio Solution File, Format Version 12.00
# Visual Studio Version 16
VisualStudioVersion = 16.0.29806.167
MinimumVisualStudioVersion = 10.0.40219.1
Project("{9A19103F-16F7-4668-BE54-9A1E7A4F7556}") = "PortKnocker", "PortKnocker\PortKnocker.csproj", "{36EFBA9B-330F-41C2-AFC3-BD2DD7C14E62}"
EndProject
Project("{2150E333-8FDC-42A3-9474-1A3956D46DE8}") = "Solution Items", "Solution Items", "{BD49D098-E69E-4ACE-A1E9-6C35F109E62D}"
	ProjectSection(SolutionItems) = preProject
		README.md = README.md
	EndProjectSection
EndProject
Project("{9A19103F-16F7-4668-BE54-9A1E7A4F7556}") = "PortKnocker.Tests", "PortKnocker.Tests\PortKnocker.Tests.csproj", "{CECA359D-A0FB-4B46-BF9C-0688E3B3A536}"
EndProject
Global
	GlobalSection(SolutionConfigurationPlatforms) = preSolution
		Debug|Any CPU = Debug|Any CPU
		Release|Any CPU = Release|Any CPU
	EndGlobalSection
	GlobalSection(ProjectConfigurationPlatforms) = postSolution
		{36EFBA9B-330F-41C2-AFC3-BD2DD7C14E62}.Debug|Any CPU.ActiveCfg = Debug|Any CPU
		{36EFBA9B-330F-41C2-AFC3-BD2DD7C14E62}.Debug|Any CPU.Build.0 = Debug|Any CPU
		{36EFBA9B-330F-41C2-AFC3-BD2DD7C14E62}.Release|Any CPU.ActiveCfg = Release|Any CPU
		{36EFBA9B-330F-41C2-AFC3-BD2DD7C14E62}.Release|Any CPU.Build.0 = Release|Any CPU
		{CECA359D-A0FB-4B46-BF9C-0688E3B3A536}.Debug|Any CPU.ActiveCfg = Debug|Any CPU
		{CECA359D-A0FB-4B46-BF9C-0688E3B3A536}.Debug|Any CPU.Build.0 = Debug|Any CPU
		{CECA359D-A0FB-4B46-BF9C-0688E3B3A536}.Release|Any CPU.ActiveCfg = Release|Any CPU
		{CECA359D-A0FB-4B46-BF9C-0688E3B3A536}.Release|Any CPU.Build.0 = Release|Any CPU
	EndGlobalSection
	GlobalSection(SolutionProperties) = preSolution
		HideSolutionNode = FALSE
	EndGlobalSection
	GlobalSection(ExtensibilityGlobals) = postSolution
		SolutionGuid = {AB20A4FA-A61C-47CA-A847-F92FAB93CBF5}
	EndGlobalSection
EndGlobal
